
Microsoft Visual Studio Solution File, Format Version 12.00
# Visual Studio Version 16
VisualStudioVersion = 16.0.30907.101
MinimumVisualStudioVersion = 10.0.40219.1
Project("{2150E333-8FDC-42A3-9474-1A3956D46DE8}") = "Services", "Services", "{94040B83-6EA0-45F9-B92B-69AA953161A2}"
EndProject
Project("{2150E333-8FDC-42A3-9474-1A3956D46DE8}") = "Catalog", "Catalog", "{4228EE53-3C13-498F-8EED-AD724E28278B}"
EndProject
Project("{9A19103F-16F7-4668-BE54-9A1E7A4F7556}") = "Catalog.API", "Services\Catalog\Catalog.API\Catalog.API.csproj", "{75597ED3-E4C1-438F-80BE-61137127EFCC}"
EndProject
Project("{E53339B2-1760-4266-BCC7-CA923CBCF16C}") = "docker-compose", "docker-compose.dcproj", "{E67092DC-4547-453A-8A1D-0FFB3E980693}"
EndProject
Project("{2150E333-8FDC-42A3-9474-1A3956D46DE8}") = "Basket", "Basket", "{F1414E32-625A-4DE5-824D-766EC6B76D41}"
EndProject
Project("{FAE04EC0-301F-11D3-BF4B-00C04F79EFBC}") = "Basket.API", "Services\Basket\Basket.API\Basket.API.csproj", "{BE84DC00-9C56-4194-B502-75F5D30E23EF}"
EndProject
Global
	GlobalSection(SolutionConfigurationPlatforms) = preSolution
		Debug|Any CPU = Debug|Any CPU
		Release|Any CPU = Release|Any CPU
	EndGlobalSection
	GlobalSection(ProjectConfigurationPlatforms) = postSolution
		{75597ED3-E4C1-438F-80BE-61137127EFCC}.Debug|Any CPU.ActiveCfg = Debug|Any CPU
		{75597ED3-E4C1-438F-80BE-61137127EFCC}.Debug|Any CPU.Build.0 = Debug|Any CPU
		{75597ED3-E4C1-438F-80BE-61137127EFCC}.Release|Any CPU.ActiveCfg = Release|Any CPU
		{75597ED3-E4C1-438F-80BE-61137127EFCC}.Release|Any CPU.Build.0 = Release|Any CPU
		{E67092DC-4547-453A-8A1D-0FFB3E980693}.Debug|Any CPU.ActiveCfg = Debug|Any CPU
		{E67092DC-4547-453A-8A1D-0FFB3E980693}.Debug|Any CPU.Build.0 = Debug|Any CPU
		{E67092DC-4547-453A-8A1D-0FFB3E980693}.Release|Any CPU.ActiveCfg = Release|Any CPU
		{E67092DC-4547-453A-8A1D-0FFB3E980693}.Release|Any CPU.Build.0 = Release|Any CPU
		{BE84DC00-9C56-4194-B502-75F5D30E23EF}.Debug|Any CPU.ActiveCfg = Debug|Any CPU
		{BE84DC00-9C56-4194-B502-75F5D30E23EF}.Debug|Any CPU.Build.0 = Debug|Any CPU
		{BE84DC00-9C56-4194-B502-75F5D30E23EF}.Release|Any CPU.ActiveCfg = Release|Any CPU
		{BE84DC00-9C56-4194-B502-75F5D30E23EF}.Release|Any CPU.Build.0 = Release|Any CPU
	EndGlobalSection
	GlobalSection(SolutionProperties) = preSolution
		HideSolutionNode = FALSE
	EndGlobalSection
	GlobalSection(NestedProjects) = preSolution
		{4228EE53-3C13-498F-8EED-AD724E28278B} = {94040B83-6EA0-45F9-B92B-69AA953161A2}
		{75597ED3-E4C1-438F-80BE-61137127EFCC} = {4228EE53-3C13-498F-8EED-AD724E28278B}
		{F1414E32-625A-4DE5-824D-766EC6B76D41} = {94040B83-6EA0-45F9-B92B-69AA953161A2}
		{BE84DC00-9C56-4194-B502-75F5D30E23EF} = {F1414E32-625A-4DE5-824D-766EC6B76D41}
	EndGlobalSection
	GlobalSection(ExtensibilityGlobals) = postSolution
		SolutionGuid = {D5A8805D-8C31-43DF-9A23-766ECAA59FD7}
	EndGlobalSection
EndGlobal
